// !$*UTF8*$!
{
	archiveVersion = 1;
	classes = {
	};
	objectVersion = 46;
	objects = {

/* Begin PBXBuildFile section */
		E8BBA99F1AD2A7E700703B55 /* AppDelegate.swift in Sources */ = {isa = PBXBuildFile; fileRef = E8BBA99E1AD2A7E700703B55 /* AppDelegate.swift */; };
		E8BBA9A11AD2A7E700703B55 /* ViewController.swift in Sources */ = {isa = PBXBuildFile; fileRef = E8BBA9A01AD2A7E700703B55 /* ViewController.swift */; };
		E8BBA9A41AD2A7E700703B55 /* Main.storyboard in Resources */ = {isa = PBXBuildFile; fileRef = E8BBA9A21AD2A7E700703B55 /* Main.storyboard */; };
		E8BBA9A61AD2A7E700703B55 /* Images.xcassets in Resources */ = {isa = PBXBuildFile; fileRef = E8BBA9A51AD2A7E700703B55 /* Images.xcassets */; };
		E8BBA9A91AD2A7E700703B55 /* LaunchScreen.xib in Resources */ = {isa = PBXBuildFile; fileRef = E8BBA9A71AD2A7E700703B55 /* LaunchScreen.xib */; };
		E8BBA9B51AD2A7E700703B55 /* Stop_WatchTests.swift in Sources */ = {isa = PBXBuildFile; fileRef = E8BBA9B41AD2A7E700703B55 /* Stop_WatchTests.swift */; };
/* End PBXBuildFile section */

/* Begin PBXContainerItemProxy section */
		E8BBA9AF1AD2A7E700703B55 /* PBXContainerItemProxy */ = {
			isa = PBXContainerItemProxy;
			containerPortal = E8BBA9911AD2A7E700703B55 /* Project object */;
			proxyType = 1;
			remoteGlobalIDString = E8BBA9981AD2A7E700703B55;
			remoteInfo = "Stop Watch";
		};
/* End PBXContainerItemProxy section */

/* Begin PBXFileReference section */
		E8BBA9991AD2A7E700703B55 /* Stop Watch.app */ = {isa = PBXFileReference; explicitFileType = wrapper.application; includeInIndex = 0; path = "Stop Watch.app"; sourceTree = BUILT_PRODUCTS_DIR; };
		E8BBA99D1AD2A7E700703B55 /* Info.plist */ = {isa = PBXFileReference; lastKnownFileType = text.plist.xml; path = Info.plist; sourceTree = "<group>"; };
		E8BBA99E1AD2A7E700703B55 /* AppDelegate.swift */ = {isa = PBXFileReference; lastKnownFileType = sourcecode.swift; path = AppDelegate.swift; sourceTree = "<group>"; };
		E8BBA9A01AD2A7E700703B55 /* ViewController.swift */ = {isa = PBXFileReference; lastKnownFileType = sourcecode.swift; path = ViewController.swift; sourceTree = "<group>"; };
		E8BBA9A31AD2A7E700703B55 /* Base */ = {isa = PBXFileReference; lastKnownFileType = file.storyboard; name = Base; path = Base.lproj/Main.storyboard; sourceTree = "<group>"; };
		E8BBA9A51AD2A7E700703B55 /* Images.xcassets */ = {isa = PBXFileReference; lastKnownFileType = folder.assetcatalog; path = Images.xcassets; sourceTree = "<group>"; };
		E8BBA9A81AD2A7E700703B55 /* Base */ = {isa = PBXFileReference; lastKnownFileType = file.xib; name = Base; path = Base.lproj/LaunchScreen.xib; sourceTree = "<group>"; };
		E8BBA9AE1AD2A7E700703B55 /* Stop WatchTests.xctest */ = {isa = PBXFileReference; explicitFileType = wrapper.cfbundle; includeInIndex = 0; path = "Stop WatchTests.xctest"; sourceTree = BUILT_PRODUCTS_DIR; };
		E8BBA9B31AD2A7E700703B55 /* Info.plist */ = {isa = PBXFileReference; lastKnownFileType = text.plist.xml; path = Info.plist; sourceTree = "<group>"; };
		E8BBA9B41AD2A7E700703B55 /* Stop_WatchTests.swift */ = {isa = PBXFileReference; lastKnownFileType = sourcecode.swift; path = Stop_WatchTests.swift; sourceTree = "<group>"; };
/* End PBXFileReference section */

/* Begin PBXFrameworksBuildPhase section */
		E8BBA9961AD2A7E700703B55 /* Frameworks */ = {
			isa = PBXFrameworksBuildPhase;
			buildActionMask = 2147483647;
			files = (
			);
			runOnlyForDeploymentPostprocessing = 0;
		};
		E8BBA9AB1AD2A7E700703B55 /* Frameworks */ = {
			isa = PBXFrameworksBuildPhase;
			buildActionMask = 2147483647;
			files = (
			);
			runOnlyForDeploymentPostprocessing = 0;
		};
/* End PBXFrameworksBuildPhase section */

/* Begin PBXGroup section */
		E8BBA9901AD2A7E700703B55 = {
			isa = PBXGroup;
			children = (
				E8BBA99B1AD2A7E700703B55 /* Stop Watch */,
				E8BBA9B11AD2A7E700703B55 /* Stop WatchTests */,
				E8BBA99A1AD2A7E700703B55 /* Products */,
			);
			sourceTree = "<group>";
		};
		E8BBA99A1AD2A7E700703B55 /* Products */ = {
			isa = PBXGroup;
			children = (
				E8BBA9991AD2A7E700703B55 /* Stop Watch.app */,
				E8BBA9AE1AD2A7E700703B55 /* Stop WatchTests.xctest */,
			);
			name = Products;
			sourceTree = "<group>";
		};
		E8BBA99B1AD2A7E700703B55 /* Stop Watch */ = {
			isa = PBXGroup;
			children = (
				E8BBA99E1AD2A7E700703B55 /* AppDelegate.swift */,
				E8BBA9A01AD2A7E700703B55 /* ViewController.swift */,
				E8BBA9A21AD2A7E700703B55 /* Main.storyboard */,
				E8BBA9A51AD2A7E700703B55 /* Images.xcassets */,
				E8BBA9A71AD2A7E700703B55 /* LaunchScreen.xib */,
				E8BBA99C1AD2A7E700703B55 /* Supporting Files */,
			);
			path = "Stop Watch";
			sourceTree = "<group>";
		};
		E8BBA99C1AD2A7E700703B55 /* Supporting Files */ = {
			isa = PBXGroup;
			children = (
				E8BBA99D1AD2A7E700703B55 /* Info.plist */,
			);
			name = "Supporting Files";
			sourceTree = "<group>";
		};
		E8BBA9B11AD2A7E700703B55 /* Stop WatchTests */ = {
			isa = PBXGroup;
			children = (
				E8BBA9B41AD2A7E700703B55 /* Stop_WatchTests.swift */,
				E8BBA9B21AD2A7E700703B55 /* Supporting Files */,
			);
			path = "Stop WatchTests";
			sourceTree = "<group>";
		};
		E8BBA9B21AD2A7E700703B55 /* Supporting Files */ = {
			isa = PBXGroup;
			children = (
				E8BBA9B31AD2A7E700703B55 /* Info.plist */,
			);
			name = "Supporting Files";
			sourceTree = "<group>";
		};
/* End PBXGroup section */

/* Begin PBXNativeTarget section */
		E8BBA9981AD2A7E700703B55 /* Stop Watch */ = {
			isa = PBXNativeTarget;
			buildConfigurationList = E8BBA9B81AD2A7E700703B55 /* Build configuration list for PBXNativeTarget "Stop Watch" */;
			buildPhases = (
				E8BBA9951AD2A7E700703B55 /* Sources */,
				E8BBA9961AD2A7E700703B55 /* Frameworks */,
				E8BBA9971AD2A7E700703B55 /* Resources */,
			);
			buildRules = (
			);
			dependencies = (
			);
			name = "Stop Watch";
			productName = "Stop Watch";
			productReference = E8BBA9991AD2A7E700703B55 /* Stop Watch.app */;
			productType = "com.apple.product-type.application";
		};
		E8BBA9AD1AD2A7E700703B55 /* Stop WatchTests */ = {
			isa = PBXNativeTarget;
			buildConfigurationList = E8BBA9BB1AD2A7E700703B55 /* Build configuration list for PBXNativeTarget "Stop WatchTests" */;
			buildPhases = (
				E8BBA9AA1AD2A7E700703B55 /* Sources */,
				E8BBA9AB1AD2A7E700703B55 /* Frameworks */,
				E8BBA9AC1AD2A7E700703B55 /* Resources */,
			);
			buildRules = (
			);
			dependencies = (
				E8BBA9B01AD2A7E700703B55 /* PBXTargetDependency */,
			);
			name = "Stop WatchTests";
			productName = "Stop WatchTests";
			productReference = E8BBA9AE1AD2A7E700703B55 /* Stop WatchTests.xctest */;
			productType = "com.apple.product-type.bundle.unit-test";
		};
/* End PBXNativeTarget section */

/* Begin PBXProject section */
		E8BBA9911AD2A7E700703B55 /* Project object */ = {
			isa = PBXProject;
			attributes = {
				LastUpgradeCheck = 0600;
				ORGANIZATIONNAME = plami;
				TargetAttributes = {
					E8BBA9981AD2A7E700703B55 = {
						CreatedOnToolsVersion = 6.0.1;
					};
					E8BBA9AD1AD2A7E700703B55 = {
						CreatedOnToolsVersion = 6.0.1;
						TestTargetID = E8BBA9981AD2A7E700703B55;
					};
				};
			};
			buildConfigurationList = E8BBA9941AD2A7E700703B55 /* Build configuration list for PBXProject "Stop Watch" */;
			compatibilityVersion = "Xcode 3.2";
			developmentRegion = English;
			hasScannedForEncodings = 0;
			knownRegions = (
				en,
				Base,
			);
			mainGroup = E8BBA9901AD2A7E700703B55;
			productRefGroup = E8BBA99A1AD2A7E700703B55 /* Products */;
			projectDirPath = "";
			projectRoot = "";
			targets = (
				E8BBA9981AD2A7E700703B55 /* Stop Watch */,
				E8BBA9AD1AD2A7E700703B55 /* Stop WatchTests */,
			);
		};
/* End PBXProject section */

/* Begin PBXResourcesBuildPhase section */
		E8BBA9971AD2A7E700703B55 /* Resources */ = {
			isa = PBXResourcesBuildPhase;
			buildActionMask = 2147483647;
			files = (
				E8BBA9A41AD2A7E700703B55 /* Main.storyboard in Resources */,
				E8BBA9A91AD2A7E700703B55 /* LaunchScreen.xib in Resources */,
				E8BBA9A61AD2A7E700703B55 /* Images.xcassets in Resources */,
			);
			runOnlyForDeploymentPostprocessing = 0;
		};
		E8BBA9AC1AD2A7E700703B55 /* Resources */ = {
			isa = PBXResourcesBuildPhase;
			buildActionMask = 2147483647;
			files = (
			);
			runOnlyForDeploymentPostprocessing = 0;
		};
/* End PBXResourcesBuildPhase section */

/* Begin PBXSourcesBuildPhase section */
		E8BBA9951AD2A7E700703B55 /* Sources */ = {
			isa = PBXSourcesBuildPhase;
			buildActionMask = 2147483647;
			files = (
				E8BBA9A11AD2A7E700703B55 /* ViewController.swift in Sources */,
				E8BBA99F1AD2A7E700703B55 /* AppDelegate.swift in Sources */,
			);
			runOnlyForDeploymentPostprocessing = 0;
		};
		E8BBA9AA1AD2A7E700703B55 /* Sources */ = {
			isa = PBXSourcesBuildPhase;
			buildActionMask = 2147483647;
			files = (
				E8BBA9B51AD2A7E700703B55 /* Stop_WatchTests.swift in Sources */,
			);
			runOnlyForDeploymentPostprocessing = 0;
		};
/* End PBXSourcesBuildPhase section */

/* Begin PBXTargetDependency section */
		E8BBA9B01AD2A7E700703B55 /* PBXTargetDependency */ = {
			isa = PBXTargetDependency;
			target = E8BBA9981AD2A7E700703B55 /* Stop Watch */;
			targetProxy = E8BBA9AF1AD2A7E700703B55 /* PBXContainerItemProxy */;
		};
/* End PBXTargetDependency section */

/* Begin PBXVariantGroup section */
		E8BBA9A21AD2A7E700703B55 /* Main.storyboard */ = {
			isa = PBXVariantGroup;
			children = (
				E8BBA9A31AD2A7E700703B55 /* Base */,
			);
			name = Main.storyboard;
			sourceTree = "<group>";
		};
		E8BBA9A71AD2A7E700703B55 /* LaunchScreen.xib */ = {
			isa = PBXVariantGroup;
			children = (
				E8BBA9A81AD2A7E700703B55 /* Base */,
			);
			name = LaunchScreen.xib;
			sourceTree = "<group>";
		};
/* End PBXVariantGroup section */

/* Begin XCBuildConfiguration section */
		E8BBA9B61AD2A7E700703B55 /* Debug */ = {
			isa = XCBuildConfiguration;
			buildSettings = {
				ALWAYS_SEARCH_USER_PATHS = NO;
				CLANG_CXX_LANGUAGE_STANDARD = "gnu++0x";
				CLANG_CXX_LIBRARY = "libc++";
				CLANG_ENABLE_MODULES = YES;
				CLANG_ENABLE_OBJC_ARC = YES;
				CLANG_WARN_BOOL_CONVERSION = YES;
				CLANG_WARN_CONSTANT_CONVERSION = YES;
				CLANG_WARN_DIRECT_OBJC_ISA_USAGE = YES_ERROR;
				CLANG_WARN_EMPTY_BODY = YES;
				CLANG_WARN_ENUM_CONVERSION = YES;
				CLANG_WARN_INT_CONVERSION = YES;
				CLANG_WARN_OBJC_ROOT_CLASS = YES_ERROR;
				CLANG_WARN_UNREACHABLE_CODE = YES;
				CLANG_WARN__DUPLICATE_METHOD_MATCH = YES;
				"CODE_SIGN_IDENTITY[sdk=iphoneos*]" = "iPhone Developer";
				COPY_PHASE_STRIP = NO;
				ENABLE_STRICT_OBJC_MSGSEND = YES;
				GCC_C_LANGUAGE_STANDARD = gnu99;
				GCC_DYNAMIC_NO_PIC = NO;
				GCC_OPTIMIZATION_LEVEL = 0;
				GCC_PREPROCESSOR_DEFINITIONS = (
					"DEBUG=1",
					"$(inherited)",
				);
				GCC_SYMBOLS_PRIVATE_EXTERN = NO;
				GCC_WARN_64_TO_32_BIT_CONVERSION = YES;
				GCC_WARN_ABOUT_RETURN_TYPE = YES_ERROR;
				GCC_WARN_UNDECLARED_SELECTOR = YES;
				GCC_WARN_UNINITIALIZED_AUTOS = YES_AGGRESSIVE;
				GCC_WARN_UNUSED_FUNCTION = YES;
				GCC_WARN_UNUSED_VARIABLE = YES;
				IPHONEOS_DEPLOYMENT_TARGET = 8.0;
				MTL_ENABLE_DEBUG_INFO = YES;
				ONLY_ACTIVE_ARCH = YES;
				SDKROOT = iphoneos;
				SWIFT_OPTIMIZATION_LEVEL = "-Onone";
			};
			name = Debug;
		};
		E8BBA9B71AD2A7E700703B55 /* Release */ = {
			isa = XCBuildConfiguration;
			buildSettings = {
				ALWAYS_SEARCH_USER_PATHS = NO;
				CLANG_CXX_LANGUAGE_STANDARD = "gnu++0x";
				CLANG_CXX_LIBRARY = "libc++";
				CLANG_ENABLE_MODULES = YES;
				CLANG_ENABLE_OBJC_ARC = YES;
				CLANG_WARN_BOOL_CONVERSION = YES;
				CLANG_WARN_CONSTANT_CONVERSION = YES;
				CLANG_WARN_DIRECT_OBJC_ISA_USAGE = YES_ERROR;
				CLANG_WARN_EMPTY_BODY = YES;
				CLANG_WARN_ENUM_CONVERSION = YES;
				CLANG_WARN_INT_CONVERSION = YES;
				CLANG_WARN_OBJC_ROOT_CLASS = YES_ERROR;
				CLANG_WARN_UNREACHABLE_CODE = YES;
				CLANG_WARN__DUPLICATE_METHOD_MATCH = YES;
				"CODE_SIGN_IDENTITY[sdk=iphoneos*]" = "iPhone Developer";
				COPY_PHASE_STRIP = YES;
				ENABLE_NS_ASSERTIONS = NO;
				ENABLE_STRICT_OBJC_MSGSEND = YES;
				GCC_C_LANGUAGE_STANDARD = gnu99;
				GCC_WARN_64_TO_32_BIT_CONVERSION = YES;
				GCC_WARN_ABOUT_RETURN_TYPE = YES_ERROR;
				GCC_WARN_UNDECLARED_SELECTOR = YES;
				GCC_WARN_UNINITIALIZED_AUTOS = YES_AGGRESSIVE;
				GCC_WARN_UNUSED_FUNCTION = YES;
				GCC_WARN_UNUSED_VARIABLE = YES;
				IPHONEOS_DEPLOYMENT_TARGET = 8.0;
				MTL_ENABLE_DEBUG_INFO = NO;
				SDKROOT = iphoneos;
				VALIDATE_PRODUCT = YES;
			};
			name = Release;
		};
		E8BBA9B91AD2A7E700703B55 /* Debug */ = {
			isa = XCBuildConfiguration;
			buildSettings = {
				ASSETCATALOG_COMPILER_APPICON_NAME = AppIcon;
				INFOPLIST_FILE = "Stop Watch/Info.plist";
				LD_RUNPATH_SEARCH_PATHS = "$(inherited) @executable_path/Frameworks";
				PRODUCT_NAME = "$(TARGET_NAME)";
			};
			name = Debug;
		};
		E8BBA9BA1AD2A7E700703B55 /* Release */ = {
			isa = XCBuildConfiguration;
			buildSettings = {
				ASSETCATALOG_COMPILER_APPICON_NAME = AppIcon;
				INFOPLIST_FILE = "Stop Watch/Info.plist";
				LD_RUNPATH_SEARCH_PATHS = "$(inherited) @executable_path/Frameworks";
				PRODUCT_NAME = "$(TARGET_NAME)";
			};
			name = Release;
		};
		E8BBA9BC1AD2A7E700703B55 /* Debug */ = {
			isa = XCBuildConfiguration;
			buildSettings = {
				BUNDLE_LOADER = "$(TEST_HOST)";
				FRAMEWORK_SEARCH_PATHS = (
					"$(SDKROOT)/Developer/Library/Frameworks",
					"$(inherited)",
				);
				GCC_PREPROCESSOR_DEFINITIONS = (
					"DEBUG=1",
					"$(inherited)",
				);
				INFOPLIST_FILE = "Stop WatchTests/Info.plist";
				LD_RUNPATH_SEARCH_PATHS = "$(inherited) @executable_path/Frameworks @loader_path/Frameworks";
				PRODUCT_NAME = "$(TARGET_NAME)";
				TEST_HOST = "$(BUILT_PRODUCTS_DIR)/Stop Watch.app/Stop Watch";
			};
			name = Debug;
		};
		E8BBA9BD1AD2A7E700703B55 /* Release */ = {
			isa = XCBuildConfiguration;
			buildSettings = {
				BUNDLE_LOADER = "$(TEST_HOST)";
				FRAMEWORK_SEARCH_PATHS = (
					"$(SDKROOT)/Developer/Library/Frameworks",
					"$(inherited)",
				);
				INFOPLIST_FILE = "Stop WatchTests/Info.plist";
				LD_RUNPATH_SEARCH_PATHS = "$(inherited) @executable_path/Frameworks @loader_path/Frameworks";
				PRODUCT_NAME = "$(TARGET_NAME)";
				TEST_HOST = "$(BUILT_PRODUCTS_DIR)/Stop Watch.app/Stop Watch";
			};
			name = Release;
		};
/* End XCBuildConfiguration section */

/* Begin XCConfigurationList section */
		E8BBA9941AD2A7E700703B55 /* Build configuration list for PBXProject "Stop Watch" */ = {
			isa = XCConfigurationList;
			buildConfigurations = (
				E8BBA9B61AD2A7E700703B55 /* Debug */,
				E8BBA9B71AD2A7E700703B55 /* Release */,
			);
			defaultConfigurationIsVisible = 0;
			defaultConfigurationName = Release;
		};
		E8BBA9B81AD2A7E700703B55 /* Build configuration list for PBXNativeTarget "Stop Watch" */ = {
			isa = XCConfigurationList;
			buildConfigurations = (
				E8BBA9B91AD2A7E700703B55 /* Debug */,
				E8BBA9BA1AD2A7E700703B55 /* Release */,
			);
			defaultConfigurationIsVisible = 0;
		};
		E8BBA9BB1AD2A7E700703B55 /* Build configuration list for PBXNativeTarget "Stop WatchTests" */ = {
			isa = XCConfigurationList;
			buildConfigurations = (
				E8BBA9BC1AD2A7E700703B55 /* Debug */,
				E8BBA9BD1AD2A7E700703B55 /* Release */,
			);
			defaultConfigurationIsVisible = 0;
		};
/* End XCConfigurationList section */
	};
	rootObject = E8BBA9911AD2A7E700703B55 /* Project object */;
}
